
Microsoft Visual Studio Solution File, Format Version 12.00
# Visual Studio Version 17
VisualStudioVersion = 17.2.32630.192
MinimumVisualStudioVersion = 10.0.40219.1
Project("{9A19103F-16F7-4668-BE54-9A1E7A4F7556}") = "Web", "Web\Web.csproj", "{AE19547F-7B1D-4FE7-80B8-3C471E625D6A}"
EndProject
Project("{9A19103F-16F7-4668-BE54-9A1E7A4F7556}") = "Vexit.Crypto", "Vexit.Crypto\Vexit.Crypto.csproj", "{5E63DEF1-17BF-4838-9521-FEACE4FBA739}"
EndProject
Project("{9A19103F-16F7-4668-BE54-9A1E7A4F7556}") = "NBitcoin", "NBitcoin\NBitcoin.csproj", "{6F12950A-5123-4FA1-8BD8-D946E2356DA5}"
EndProject
Global
	GlobalSection(SolutionConfigurationPlatforms) = preSolution
		Debug|Any CPU = Debug|Any CPU
		Release|Any CPU = Release|Any CPU
	EndGlobalSection
	GlobalSection(ProjectConfigurationPlatforms) = postSolution
		{AE19547F-7B1D-4FE7-80B8-3C471E625D6A}.Debug|Any CPU.ActiveCfg = Debug|Any CPU
		{AE19547F-7B1D-4FE7-80B8-3C471E625D6A}.Debug|Any CPU.Build.0 = Debug|Any CPU
		{AE19547F-7B1D-4FE7-80B8-3C471E625D6A}.Release|Any CPU.ActiveCfg = Release|Any CPU
		{AE19547F-7B1D-4FE7-80B8-3C471E625D6A}.Release|Any CPU.Build.0 = Release|Any CPU
		{5E63DEF1-17BF-4838-9521-FEACE4FBA739}.Debug|Any CPU.ActiveCfg = Debug|Any CPU
		{5E63DEF1-17BF-4838-9521-FEACE4FBA739}.Debug|Any CPU.Build.0 = Debug|Any CPU
		{5E63DEF1-17BF-4838-9521-FEACE4FBA739}.Release|Any CPU.ActiveCfg = Release|Any CPU
		{5E63DEF1-17BF-4838-9521-FEACE4FBA739}.Release|Any CPU.Build.0 = Release|Any CPU
		{6F12950A-5123-4FA1-8BD8-D946E2356DA5}.Debug|Any CPU.ActiveCfg = Debug|Any CPU
		{6F12950A-5123-4FA1-8BD8-D946E2356DA5}.Debug|Any CPU.Build.0 = Debug|Any CPU
		{6F12950A-5123-4FA1-8BD8-D946E2356DA5}.Release|Any CPU.ActiveCfg = Release|Any CPU
		{6F12950A-5123-4FA1-8BD8-D946E2356DA5}.Release|Any CPU.Build.0 = Release|Any CPU
	EndGlobalSection
	GlobalSection(SolutionProperties) = preSolution
		HideSolutionNode = FALSE
	EndGlobalSection
	GlobalSection(ExtensibilityGlobals) = postSolution
		SolutionGuid = {73E8D6A1-8796-4DF0-91BB-021E492949BB}
	EndGlobalSection
EndGlobal
